
Microsoft Visual Studio Solution File, Format Version 12.00
# Visual Studio 14
VisualStudioVersion = 14.0.25420.1
MinimumVisualStudioVersion = 10.0.40219.1
Project("{2150E333-8FDC-42A3-9474-1A3956D46DE8}") = "Solution Items", "Solution Items", "{524026B2-9353-49F6-84A3-83FEECE38B31}"
	ProjectSection(SolutionItems) = preProject
		README.md = README.md
	EndProjectSection
EndProject
Project("{FAE04EC0-301F-11D3-BF4B-00C04F79EFBC}") = "VSIX", "VSIX\VSIX.csproj", "{A01B3C56-E6B3-4BA1-B9A7-9312044A0112}"
EndProject
Project("{FAE04EC0-301F-11D3-BF4B-00C04F79EFBC}") = "MvvmCross Android App", "MvvmCross Android App\MvvmCross Android App.csproj", "{A4090E65-544C-46A7-9E79-61BE71D6E5B0}"
EndProject
Project("{FAE04EC0-301F-11D3-BF4B-00C04F79EFBC}") = "MvvmCross iOS App", "MvvmCross iOS App\MvvmCross iOS App.csproj", "{150F2FCE-C506-4554-A1A6-A1900673BC43}"
EndProject
Project("{FAE04EC0-301F-11D3-BF4B-00C04F79EFBC}") = "MvvmCross PCL", "MvvmCross PCL\MvvmCross PCL.csproj", "{F2A402AB-E203-4DCC-91A3-B3A349425F5A}"
EndProject
Global
	GlobalSection(SolutionConfigurationPlatforms) = preSolution
		Ad-Hoc|Any CPU = Ad-Hoc|Any CPU
		Ad-Hoc|iPhone = Ad-Hoc|iPhone
		Ad-Hoc|iPhoneSimulator = Ad-Hoc|iPhoneSimulator
		AppStore|Any CPU = AppStore|Any CPU
		AppStore|iPhone = AppStore|iPhone
		AppStore|iPhoneSimulator = AppStore|iPhoneSimulator
		Debug|Any CPU = Debug|Any CPU
		Debug|iPhone = Debug|iPhone
		Debug|iPhoneSimulator = Debug|iPhoneSimulator
		Release|Any CPU = Release|Any CPU
		Release|iPhone = Release|iPhone
		Release|iPhoneSimulator = Release|iPhoneSimulator
	EndGlobalSection
	GlobalSection(ProjectConfigurationPlatforms) = postSolution
		{A01B3C56-E6B3-4BA1-B9A7-9312044A0112}.Ad-Hoc|Any CPU.ActiveCfg = Release|Any CPU
		{A01B3C56-E6B3-4BA1-B9A7-9312044A0112}.Ad-Hoc|Any CPU.Build.0 = Release|Any CPU
		{A01B3C56-E6B3-4BA1-B9A7-9312044A0112}.Ad-Hoc|iPhone.ActiveCfg = Release|Any CPU
		{A01B3C56-E6B3-4BA1-B9A7-9312044A0112}.Ad-Hoc|iPhone.Build.0 = Release|Any CPU
		{A01B3C56-E6B3-4BA1-B9A7-9312044A0112}.Ad-Hoc|iPhoneSimulator.ActiveCfg = Release|Any CPU
		{A01B3C56-E6B3-4BA1-B9A7-9312044A0112}.Ad-Hoc|iPhoneSimulator.Build.0 = Release|Any CPU
		{A01B3C56-E6B3-4BA1-B9A7-9312044A0112}.AppStore|Any CPU.ActiveCfg = Release|Any CPU
		{A01B3C56-E6B3-4BA1-B9A7-9312044A0112}.AppStore|Any CPU.Build.0 = Release|Any CPU
		{A01B3C56-E6B3-4BA1-B9A7-9312044A0112}.AppStore|iPhone.ActiveCfg = Release|Any CPU
		{A01B3C56-E6B3-4BA1-B9A7-9312044A0112}.AppStore|iPhone.Build.0 = Release|Any CPU
		{A01B3C56-E6B3-4BA1-B9A7-9312044A0112}.AppStore|iPhoneSimulator.ActiveCfg = Release|Any CPU
		{A01B3C56-E6B3-4BA1-B9A7-9312044A0112}.AppStore|iPhoneSimulator.Build.0 = Release|Any CPU
		{A01B3C56-E6B3-4BA1-B9A7-9312044A0112}.Debug|Any CPU.ActiveCfg = Debug|Any CPU
		{A01B3C56-E6B3-4BA1-B9A7-9312044A0112}.Debug|Any CPU.Build.0 = Debug|Any CPU
		{A01B3C56-E6B3-4BA1-B9A7-9312044A0112}.Debug|iPhone.ActiveCfg = Debug|Any CPU
		{A01B3C56-E6B3-4BA1-B9A7-9312044A0112}.Debug|iPhone.Build.0 = Debug|Any CPU
		{A01B3C56-E6B3-4BA1-B9A7-9312044A0112}.Debug|iPhoneSimulator.ActiveCfg = Debug|Any CPU
		{A01B3C56-E6B3-4BA1-B9A7-9312044A0112}.Debug|iPhoneSimulator.Build.0 = Debug|Any CPU
		{A01B3C56-E6B3-4BA1-B9A7-9312044A0112}.Release|Any CPU.ActiveCfg = Release|Any CPU
		{A01B3C56-E6B3-4BA1-B9A7-9312044A0112}.Release|Any CPU.Build.0 = Release|Any CPU
		{A01B3C56-E6B3-4BA1-B9A7-9312044A0112}.Release|iPhone.ActiveCfg = Release|Any CPU
		{A01B3C56-E6B3-4BA1-B9A7-9312044A0112}.Release|iPhone.Build.0 = Release|Any CPU
		{A01B3C56-E6B3-4BA1-B9A7-9312044A0112}.Release|iPhoneSimulator.ActiveCfg = Release|Any CPU
		{A01B3C56-E6B3-4BA1-B9A7-9312044A0112}.Release|iPhoneSimulator.Build.0 = Release|Any CPU
		{A4090E65-544C-46A7-9E79-61BE71D6E5B0}.Ad-Hoc|Any CPU.ActiveCfg = Release|Any CPU
		{A4090E65-544C-46A7-9E79-61BE71D6E5B0}.Ad-Hoc|iPhone.ActiveCfg = Release|Any CPU
		{A4090E65-544C-46A7-9E79-61BE71D6E5B0}.Ad-Hoc|iPhone.Build.0 = Release|Any CPU
		{A4090E65-544C-46A7-9E79-61BE71D6E5B0}.Ad-Hoc|iPhone.Deploy.0 = Release|Any CPU
		{A4090E65-544C-46A7-9E79-61BE71D6E5B0}.Ad-Hoc|iPhoneSimulator.ActiveCfg = Release|Any CPU
		{A4090E65-544C-46A7-9E79-61BE71D6E5B0}.Ad-Hoc|iPhoneSimulator.Build.0 = Release|Any CPU
		{A4090E65-544C-46A7-9E79-61BE71D6E5B0}.Ad-Hoc|iPhoneSimulator.Deploy.0 = Release|Any CPU
		{A4090E65-544C-46A7-9E79-61BE71D6E5B0}.AppStore|Any CPU.ActiveCfg = Release|Any CPU
		{A4090E65-544C-46A7-9E79-61BE71D6E5B0}.AppStore|iPhone.ActiveCfg = Release|Any CPU
		{A4090E65-544C-46A7-9E79-61BE71D6E5B0}.AppStore|iPhone.Build.0 = Release|Any CPU
		{A4090E65-544C-46A7-9E79-61BE71D6E5B0}.AppStore|iPhone.Deploy.0 = Release|Any CPU
		{A4090E65-544C-46A7-9E79-61BE71D6E5B0}.AppStore|iPhoneSimulator.ActiveCfg = Release|Any CPU
		{A4090E65-544C-46A7-9E79-61BE71D6E5B0}.AppStore|iPhoneSimulator.Build.0 = Release|Any CPU
		{A4090E65-544C-46A7-9E79-61BE71D6E5B0}.AppStore|iPhoneSimulator.Deploy.0 = Release|Any CPU
		{A4090E65-544C-46A7-9E79-61BE71D6E5B0}.Debug|Any CPU.ActiveCfg = Debug|Any CPU
		{A4090E65-544C-46A7-9E79-61BE71D6E5B0}.Debug|iPhone.ActiveCfg = Debug|Any CPU
		{A4090E65-544C-46A7-9E79-61BE71D6E5B0}.Debug|iPhone.Build.0 = Debug|Any CPU
		{A4090E65-544C-46A7-9E79-61BE71D6E5B0}.Debug|iPhone.Deploy.0 = Debug|Any CPU
		{A4090E65-544C-46A7-9E79-61BE71D6E5B0}.Debug|iPhoneSimulator.ActiveCfg = Debug|Any CPU
		{A4090E65-544C-46A7-9E79-61BE71D6E5B0}.Debug|iPhoneSimulator.Build.0 = Debug|Any CPU
		{A4090E65-544C-46A7-9E79-61BE71D6E5B0}.Debug|iPhoneSimulator.Deploy.0 = Debug|Any CPU
		{A4090E65-544C-46A7-9E79-61BE71D6E5B0}.Release|Any CPU.ActiveCfg = Release|Any CPU
		{A4090E65-544C-46A7-9E79-61BE71D6E5B0}.Release|iPhone.ActiveCfg = Release|Any CPU
		{A4090E65-544C-46A7-9E79-61BE71D6E5B0}.Release|iPhone.Build.0 = Release|Any CPU
		{A4090E65-544C-46A7-9E79-61BE71D6E5B0}.Release|iPhone.Deploy.0 = Release|Any CPU
		{A4090E65-544C-46A7-9E79-61BE71D6E5B0}.Release|iPhoneSimulator.ActiveCfg = Release|Any CPU
		{A4090E65-544C-46A7-9E79-61BE71D6E5B0}.Release|iPhoneSimulator.Build.0 = Release|Any CPU
		{A4090E65-544C-46A7-9E79-61BE71D6E5B0}.Release|iPhoneSimulator.Deploy.0 = Release|Any CPU
		{150F2FCE-C506-4554-A1A6-A1900673BC43}.Ad-Hoc|Any CPU.ActiveCfg = Ad-Hoc|iPhone
		{150F2FCE-C506-4554-A1A6-A1900673BC43}.Ad-Hoc|iPhone.ActiveCfg = Ad-Hoc|iPhone
		{150F2FCE-C506-4554-A1A6-A1900673BC43}.Ad-Hoc|iPhone.Build.0 = Ad-Hoc|iPhone
		{150F2FCE-C506-4554-A1A6-A1900673BC43}.Ad-Hoc|iPhoneSimulator.ActiveCfg = Ad-Hoc|iPhoneSimulator
		{150F2FCE-C506-4554-A1A6-A1900673BC43}.Ad-Hoc|iPhoneSimulator.Build.0 = Ad-Hoc|iPhoneSimulator
		{150F2FCE-C506-4554-A1A6-A1900673BC43}.AppStore|Any CPU.ActiveCfg = AppStore|iPhone
		{150F2FCE-C506-4554-A1A6-A1900673BC43}.AppStore|iPhone.ActiveCfg = AppStore|iPhone
		{150F2FCE-C506-4554-A1A6-A1900673BC43}.AppStore|iPhone.Build.0 = AppStore|iPhone
		{150F2FCE-C506-4554-A1A6-A1900673BC43}.AppStore|iPhoneSimulator.ActiveCfg = AppStore|iPhoneSimulator
		{150F2FCE-C506-4554-A1A6-A1900673BC43}.AppStore|iPhoneSimulator.Build.0 = AppStore|iPhoneSimulator
		{150F2FCE-C506-4554-A1A6-A1900673BC43}.Debug|Any CPU.ActiveCfg = Debug|iPhone
		{150F2FCE-C506-4554-A1A6-A1900673BC43}.Debug|iPhone.ActiveCfg = Debug|iPhone
		{150F2FCE-C506-4554-A1A6-A1900673BC43}.Debug|iPhone.Build.0 = Debug|iPhone
		{150F2FCE-C506-4554-A1A6-A1900673BC43}.Debug|iPhoneSimulator.ActiveCfg = Debug|iPhoneSimulator
		{150F2FCE-C506-4554-A1A6-A1900673BC43}.Debug|iPhoneSimulator.Build.0 = Debug|iPhoneSimulator
		{150F2FCE-C506-4554-A1A6-A1900673BC43}.Release|Any CPU.ActiveCfg = Release|iPhone
		{150F2FCE-C506-4554-A1A6-A1900673BC43}.Release|iPhone.ActiveCfg = Release|iPhone
		{150F2FCE-C506-4554-A1A6-A1900673BC43}.Release|iPhone.Build.0 = Release|iPhone
		{150F2FCE-C506-4554-A1A6-A1900673BC43}.Release|iPhoneSimulator.ActiveCfg = Release|iPhoneSimulator
		{150F2FCE-C506-4554-A1A6-A1900673BC43}.Release|iPhoneSimulator.Build.0 = Release|iPhoneSimulator
		{F2A402AB-E203-4DCC-91A3-B3A349425F5A}.Ad-Hoc|Any CPU.ActiveCfg = Release|Any CPU
		{F2A402AB-E203-4DCC-91A3-B3A349425F5A}.Ad-Hoc|iPhone.ActiveCfg = Release|Any CPU
		{F2A402AB-E203-4DCC-91A3-B3A349425F5A}.Ad-Hoc|iPhone.Build.0 = Release|Any CPU
		{F2A402AB-E203-4DCC-91A3-B3A349425F5A}.Ad-Hoc|iPhoneSimulator.ActiveCfg = Release|Any CPU
		{F2A402AB-E203-4DCC-91A3-B3A349425F5A}.Ad-Hoc|iPhoneSimulator.Build.0 = Release|Any CPU
		{F2A402AB-E203-4DCC-91A3-B3A349425F5A}.AppStore|Any CPU.ActiveCfg = Release|Any CPU
		{F2A402AB-E203-4DCC-91A3-B3A349425F5A}.AppStore|iPhone.ActiveCfg = Release|Any CPU
		{F2A402AB-E203-4DCC-91A3-B3A349425F5A}.AppStore|iPhone.Build.0 = Release|Any CPU
		{F2A402AB-E203-4DCC-91A3-B3A349425F5A}.AppStore|iPhoneSimulator.ActiveCfg = Release|Any CPU
		{F2A402AB-E203-4DCC-91A3-B3A349425F5A}.AppStore|iPhoneSimulator.Build.0 = Release|Any CPU
		{F2A402AB-E203-4DCC-91A3-B3A349425F5A}.Debug|Any CPU.ActiveCfg = Debug|Any CPU
		{F2A402AB-E203-4DCC-91A3-B3A349425F5A}.Debug|iPhone.ActiveCfg = Debug|Any CPU
		{F2A402AB-E203-4DCC-91A3-B3A349425F5A}.Debug|iPhone.Build.0 = Debug|Any CPU
		{F2A402AB-E203-4DCC-91A3-B3A349425F5A}.Debug|iPhoneSimulator.ActiveCfg = Debug|Any CPU
		{F2A402AB-E203-4DCC-91A3-B3A349425F5A}.Debug|iPhoneSimulator.Build.0 = Debug|Any CPU
		{F2A402AB-E203-4DCC-91A3-B3A349425F5A}.Release|Any CPU.ActiveCfg = Release|Any CPU
		{F2A402AB-E203-4DCC-91A3-B3A349425F5A}.Release|iPhone.ActiveCfg = Release|Any CPU
		{F2A402AB-E203-4DCC-91A3-B3A349425F5A}.Release|iPhone.Build.0 = Release|Any CPU
		{F2A402AB-E203-4DCC-91A3-B3A349425F5A}.Release|iPhoneSimulator.ActiveCfg = Release|Any CPU
		{F2A402AB-E203-4DCC-91A3-B3A349425F5A}.Release|iPhoneSimulator.Build.0 = Release|Any CPU
	EndGlobalSection
	GlobalSection(SolutionProperties) = preSolution
		HideSolutionNode = FALSE
	EndGlobalSection
EndGlobal
